
Microsoft Visual Studio Solution File, Format Version 12.00
# Visual Studio Version 17
VisualStudioVersion = 17.3.32922.545
MinimumVisualStudioVersion = 10.0.40219.1
Project("{FAE04EC0-301F-11D3-BF4B-00C04F79EFBC}") = "KizhiPart1", "KizhiPart1.csproj", "{03A2ABA7-115C-44A5-8652-4FB8FCFCF9A5}"
EndProject
Global
	GlobalSection(SolutionConfigurationPlatforms) = preSolution
		Debug|Any CPU = Debug|Any CPU
		Release|Any CPU = Release|Any CPU
	EndGlobalSection
	GlobalSection(ProjectConfigurationPlatforms) = postSolution
		{03A2ABA7-115C-44A5-8652-4FB8FCFCF9A5}.Debug|Any CPU.ActiveCfg = Debug|Any CPU
		{03A2ABA7-115C-44A5-8652-4FB8FCFCF9A5}.Debug|Any CPU.Build.0 = Debug|Any CPU
		{03A2ABA7-115C-44A5-8652-4FB8FCFCF9A5}.Release|Any CPU.ActiveCfg = Release|Any CPU
		{03A2ABA7-115C-44A5-8652-4FB8FCFCF9A5}.Release|Any CPU.Build.0 = Release|Any CPU
	EndGlobalSection
	GlobalSection(SolutionProperties) = preSolution
		HideSolutionNode = FALSE
	EndGlobalSection
	GlobalSection(ExtensibilityGlobals) = postSolution
		SolutionGuid = {8EF9B14C-DEFE-41FD-A0D0-9124E85FFF4E}
	EndGlobalSection
EndGlobal
